{
  "originHash" : "2b1d678e22cf830425b4160e1f182e44eaba17d176d20c683e79c14309b3d268",
  "pins" : [
    {
      "identity" : "apollo-ios",
      "kind" : "remoteSourceControl",
      "location" : "https://github.com/apollographql/apollo-ios",
      "state" : {
        "revision" : "fe14c216aaea3d25274343e80ccb3015fc3fb0b0",
        "version" : "2.4.0"
      }
    }
  ],
  "version" : 3
}
